#
# This file is autogenerated by pip-compile with Python 3.12 and pip-tools 7.6.1.
# Resolution baseline: CPython 3.12 / manylinux2014_aarch64 Lambda.
# requirements.txt sha256: 5d4194cf7c6d44980edeb83d66e447915407fd37722976c84d69fa888f735ec9
# To update:
#
#    ./scripts/compile_requirements.sh
#
annotated-types==0.8.0
    # via pydantic
anyio==4.14.2
    # via httpx
boto3==1.43.83
    # via -r requirements.txt
botocore==1.43.83
    # via
    #   boto3
    #   s3transfer
certifi==2026.7.22
    # via
    #   httpcore
    #   httpx
h11==0.16.0
    # via httpcore
httpcore==1.0.9
    # via httpx
httpx==0.28.1
    # via -r requirements.txt
idna==3.19
    # via
    #   anyio
    #   httpx
jmespath==1.1.0
    # via
    #   boto3
    #   botocore
musicbrainzngs==0.7.1
    # via -r requirements.txt
myblog-shared-db @ git+https://github.com/hyuntohoon/myblog_shared_db.git@v0.26.0
    # via -r requirements.txt
psycopg==3.2.13
    # via -r requirements.txt
psycopg-binary==3.2.13
    # via psycopg
pydantic==2.13.5
    # via pydantic-settings
pydantic-core==2.46.5
    # via pydantic
pydantic-settings==2.15.0
    # via -r requirements.txt
python-dateutil==2.9.0.post0
    # via botocore
python-dotenv==1.2.3
    # via pydantic-settings
s3transfer==0.19.2
    # via boto3
six==1.17.0
    # via python-dateutil
sqlalchemy==2.0.52
    # via
    #   -r requirements.txt
    #   myblog-shared-db
typing-extensions==4.16.0
    # via
    #   anyio
    #   psycopg
    #   pydantic
    #   pydantic-core
    #   sqlalchemy
    #   typing-inspection
typing-inspection==0.4.4
    # via
    #   pydantic
    #   pydantic-settings
urllib3==2.7.0
    # via botocore
